
Microsoft Visual Studio Solution File, Format Version 12.00
# Visual Studio 15
VisualStudioVersion = 15.0.28307.572
MinimumVisualStudioVersion = 10.0.40219.1
Project("{E24C65DC-7377-472B-9ABA-BC803B73C61A}") = "HtmlDocsTemplate", ".", "{57E92C9F-7147-4E2A-B371-43300ACFB284}"
	ProjectSection(WebsiteProperties) = preProject
		TargetFrameworkMoniker = ".NETFramework,Version%3Dv4.0"
		Debug.AspNetCompiler.VirtualPath = "/localhost_49575"
		Debug.AspNetCompiler.PhysicalPath = "..\HtmlDocsTemplate\"
		Debug.AspNetCompiler.TargetPath = "PrecompiledWeb\localhost_49575\"
		Debug.AspNetCompiler.Updateable = "true"
		Debug.AspNetCompiler.ForceOverwrite = "true"
		Debug.AspNetCompiler.FixedNames = "false"
		Debug.AspNetCompiler.Debug = "True"
		Release.AspNetCompiler.VirtualPath = "/localhost_49575"
		Release.AspNetCompiler.PhysicalPath = "..\HtmlDocsTemplate\"
		Release.AspNetCompiler.TargetPath = "PrecompiledWeb\localhost_49575\"
		Release.AspNetCompiler.Updateable = "true"
		Release.AspNetCompiler.ForceOverwrite = "true"
		Release.AspNetCompiler.FixedNames = "false"
		Release.AspNetCompiler.Debug = "False"
		VWDPort = "49575"
		SlnRelativePath = "..\HtmlDocsTemplate\"
	EndProjectSection
EndProject
Global
	GlobalSection(SolutionConfigurationPlatforms) = preSolution
		Debug|Any CPU = Debug|Any CPU
	EndGlobalSection
	GlobalSection(ProjectConfigurationPlatforms) = postSolution
		{57E92C9F-7147-4E2A-B371-43300ACFB284}.Debug|Any CPU.ActiveCfg = Debug|Any CPU
		{57E92C9F-7147-4E2A-B371-43300ACFB284}.Debug|Any CPU.Build.0 = Debug|Any CPU
	EndGlobalSection
	GlobalSection(SolutionProperties) = preSolution
		HideSolutionNode = FALSE
	EndGlobalSection
	GlobalSection(ExtensibilityGlobals) = postSolution
		SolutionGuid = {DB940568-7DA2-413B-8CD2-EDAA0E82C751}
	EndGlobalSection
EndGlobal
